
Microsoft Visual Studio Solution File, Format Version 12.00
# Visual Studio Version 17
VisualStudioVersion = 17.14.36603.0 d17.14
MinimumVisualStudioVersion = 10.0.40219.1
Project("{888888A0-9F3D-457C-B088-3A5042F75D52}") = "Grading System by Py", "Grading System by Py.pyproj", "{67909222-C007-4AD2-9954-38EA72E49AA5}"
EndProject
Global
	GlobalSection(SolutionConfigurationPlatforms) = preSolution
		Debug|Any CPU = Debug|Any CPU
		Release|Any CPU = Release|Any CPU
	EndGlobalSection
	GlobalSection(ProjectConfigurationPlatforms) = postSolution
		{67909222-C007-4AD2-9954-38EA72E49AA5}.Debug|Any CPU.ActiveCfg = Debug|Any CPU
		{67909222-C007-4AD2-9954-38EA72E49AA5}.Release|Any CPU.ActiveCfg = Release|Any CPU
	EndGlobalSection
	GlobalSection(SolutionProperties) = preSolution
		HideSolutionNode = FALSE
	EndGlobalSection
	GlobalSection(ExtensibilityGlobals) = postSolution
		SolutionGuid = {19F04035-B68C-42BB-9C94-B2F5C1950510}
	EndGlobalSection
EndGlobal
